// !$*UTF8*$!
{
	archiveVersion = 1;
	classes = {
	};
	objectVersion = 56;
	objects = {

/* Begin PBXBuildFile section */
		6B2045E72B87FCDB0001CB27 /* AppDelegate.swift in Sources */ = {isa = PBXBuildFile; fileRef = 6B2045E62B87FCDB0001CB27 /* AppDelegate.swift */; };
		6B2045E92B87FCDB0001CB27 /* SceneDelegate.swift in Sources */ = {isa = PBXBuildFile; fileRef = 6B2045E82B87FCDB0001CB27 /* SceneDelegate.swift */; };
		6B2045EB2B87FCDB0001CB27 /* AppointmentsListViewController.swift in Sources */ = {isa = PBXBuildFile; fileRef = 6B2045EA2B87FCDB0001CB27 /* AppointmentsListViewController.swift */; };
		6B2045EE2B87FCDB0001CB27 /* Main.storyboard in Resources */ = {isa = PBXBuildFile; fileRef = 6B2045EC2B87FCDB0001CB27 /* Main.storyboard */; };
		6B2045F02B87FCDD0001CB27 /* Assets.xcassets in Resources */ = {isa = PBXBuildFile; fileRef = 6B2045EF2B87FCDD0001CB27 /* Assets.xcassets */; };
		6B2045F32B87FCDD0001CB27 /* LaunchScreen.storyboard in Resources */ = {isa = PBXBuildFile; fileRef = 6B2045F12B87FCDD0001CB27 /* LaunchScreen.storyboard */; };
		6B2046072B8837780001CB27 /* Coordinator.swift in Sources */ = {isa = PBXBuildFile; fileRef = 6B2046062B8837780001CB27 /* Coordinator.swift */; };
		6B2046092B8837B50001CB27 /* MainCoordinator.swift in Sources */ = {isa = PBXBuildFile; fileRef = 6B2046082B8837B50001CB27 /* MainCoordinator.swift */; };
		6B20460C2B8838110001CB27 /* UIViewController+Extensions.swift in Sources */ = {isa = PBXBuildFile; fileRef = 6B20460B2B8838110001CB27 /* UIViewController+Extensions.swift */; };
		6B20460F2B883A590001CB27 /* AppointmentTableViewCell.swift in Sources */ = {isa = PBXBuildFile; fileRef = 6B20460E2B883A590001CB27 /* AppointmentTableViewCell.swift */; };
		6B2046112B883AD30001CB27 /* UIVIew+Extensions.swift in Sources */ = {isa = PBXBuildFile; fileRef = 6B2046102B883AD30001CB27 /* UIVIew+Extensions.swift */; };
		6B2046132B883F1D0001CB27 /* UIColor+Extensions.swift in Sources */ = {isa = PBXBuildFile; fileRef = 6B2046122B883F1D0001CB27 /* UIColor+Extensions.swift */; };
		6B2046152B88414A0001CB27 /* BaseNavigationController.swift in Sources */ = {isa = PBXBuildFile; fileRef = 6B2046142B88414A0001CB27 /* BaseNavigationController.swift */; };
		6B2046192B8845950001CB27 /* CreateAppointmentViewController.swift in Sources */ = {isa = PBXBuildFile; fileRef = 6B2046182B8845950001CB27 /* CreateAppointmentViewController.swift */; };
		6B20461C2B8845CA0001CB27 /* AppointmentsListViewModel.swift in Sources */ = {isa = PBXBuildFile; fileRef = 6B20461B2B8845CA0001CB27 /* AppointmentsListViewModel.swift */; };
		6B2046212B884E5F0001CB27 /* CreateAppointmentViewModel.swift in Sources */ = {isa = PBXBuildFile; fileRef = 6B2046202B884E5F0001CB27 /* CreateAppointmentViewModel.swift */; };
		6B2046232B88554B0001CB27 /* String+Extensions.swift in Sources */ = {isa = PBXBuildFile; fileRef = 6B2046222B88554B0001CB27 /* String+Extensions.swift */; };
		6B3B97AA2B885DB000E8381E /* Appointment.swift in Sources */ = {isa = PBXBuildFile; fileRef = 6B3B97A92B885DB000E8381E /* Appointment.swift */; };
/* End PBXBuildFile section */

/* Begin PBXFileReference section */
		6B2045E32B87FCDB0001CB27 /* MoveMedical.app */ = {isa = PBXFileReference; explicitFileType = wrapper.application; includeInIndex = 0; path = MoveMedical.app; sourceTree = BUILT_PRODUCTS_DIR; };
		6B2045E62B87FCDB0001CB27 /* AppDelegate.swift */ = {isa = PBXFileReference; lastKnownFileType = sourcecode.swift; path = AppDelegate.swift; sourceTree = "<group>"; };
		6B2045E82B87FCDB0001CB27 /* SceneDelegate.swift */ = {isa = PBXFileReference; lastKnownFileType = sourcecode.swift; path = SceneDelegate.swift; sourceTree = "<group>"; };
		6B2045EA2B87FCDB0001CB27 /* AppointmentsListViewController.swift */ = {isa = PBXFileReference; lastKnownFileType = sourcecode.swift; path = AppointmentsListViewController.swift; sourceTree = "<group>"; };
		6B2045ED2B87FCDB0001CB27 /* Base */ = {isa = PBXFileReference; lastKnownFileType = file.storyboard; name = Base; path = Base.lproj/Main.storyboard; sourceTree = "<group>"; };
		6B2045EF2B87FCDD0001CB27 /* Assets.xcassets */ = {isa = PBXFileReference; lastKnownFileType = folder.assetcatalog; path = Assets.xcassets; sourceTree = "<group>"; };
		6B2045F22B87FCDD0001CB27 /* Base */ = {isa = PBXFileReference; lastKnownFileType = file.storyboard; name = Base; path = Base.lproj/LaunchScreen.storyboard; sourceTree = "<group>"; };
		6B2045F42B87FCDD0001CB27 /* Info.plist */ = {isa = PBXFileReference; lastKnownFileType = text.plist.xml; path = Info.plist; sourceTree = "<group>"; };
		6B2046062B8837780001CB27 /* Coordinator.swift */ = {isa = PBXFileReference; lastKnownFileType = sourcecode.swift; path = Coordinator.swift; sourceTree = "<group>"; };
		6B2046082B8837B50001CB27 /* MainCoordinator.swift */ = {isa = PBXFileReference; lastKnownFileType = sourcecode.swift; path = MainCoordinator.swift; sourceTree = "<group>"; };
		6B20460B2B8838110001CB27 /* UIViewController+Extensions.swift */ = {isa = PBXFileReference; lastKnownFileType = sourcecode.swift; path = "UIViewController+Extensions.swift"; sourceTree = "<group>"; };
		6B20460E2B883A590001CB27 /* AppointmentTableViewCell.swift */ = {isa = PBXFileReference; lastKnownFileType = sourcecode.swift; path = AppointmentTableViewCell.swift; sourceTree = "<group>"; };
		6B2046102B883AD30001CB27 /* UIVIew+Extensions.swift */ = {isa = PBXFileReference; lastKnownFileType = sourcecode.swift; path = "UIVIew+Extensions.swift"; sourceTree = "<group>"; };
		6B2046122B883F1D0001CB27 /* UIColor+Extensions.swift */ = {isa = PBXFileReference; lastKnownFileType = sourcecode.swift; path = "UIColor+Extensions.swift"; sourceTree = "<group>"; };
		6B2046142B88414A0001CB27 /* BaseNavigationController.swift */ = {isa = PBXFileReference; lastKnownFileType = sourcecode.swift; path = BaseNavigationController.swift; sourceTree = "<group>"; };
		6B2046182B8845950001CB27 /* CreateAppointmentViewController.swift */ = {isa = PBXFileReference; lastKnownFileType = sourcecode.swift; path = CreateAppointmentViewController.swift; sourceTree = "<group>"; };
		6B20461B2B8845CA0001CB27 /* AppointmentsListViewModel.swift */ = {isa = PBXFileReference; lastKnownFileType = sourcecode.swift; path = AppointmentsListViewModel.swift; sourceTree = "<group>"; };
		6B2046202B884E5F0001CB27 /* CreateAppointmentViewModel.swift */ = {isa = PBXFileReference; lastKnownFileType = sourcecode.swift; path = CreateAppointmentViewModel.swift; sourceTree = "<group>"; };
		6B2046222B88554B0001CB27 /* String+Extensions.swift */ = {isa = PBXFileReference; lastKnownFileType = sourcecode.swift; path = "String+Extensions.swift"; sourceTree = "<group>"; };
		6B3B97A92B885DB000E8381E /* Appointment.swift */ = {isa = PBXFileReference; lastKnownFileType = sourcecode.swift; path = Appointment.swift; sourceTree = "<group>"; };
/* End PBXFileReference section */

/* Begin PBXFrameworksBuildPhase section */
		6B2045E02B87FCDB0001CB27 /* Frameworks */ = {
			isa = PBXFrameworksBuildPhase;
			buildActionMask = 2147483647;
			files = (
			);
			runOnlyForDeploymentPostprocessing = 0;
		};
/* End PBXFrameworksBuildPhase section */

/* Begin PBXGroup section */
		6B2045DA2B87FCDB0001CB27 = {
			isa = PBXGroup;
			children = (
				6B2045E52B87FCDB0001CB27 /* MoveMedical */,
				6B2045E42B87FCDB0001CB27 /* Products */,
			);
			sourceTree = "<group>";
		};
		6B2045E42B87FCDB0001CB27 /* Products */ = {
			isa = PBXGroup;
			children = (
				6B2045E32B87FCDB0001CB27 /* MoveMedical.app */,
			);
			name = Products;
			sourceTree = "<group>";
		};
		6B2045E52B87FCDB0001CB27 /* MoveMedical */ = {
			isa = PBXGroup;
			children = (
				6B3B97A82B885D8B00E8381E /* Models */,
				6B2046172B88457E0001CB27 /* Create */,
				6B20460D2B883A3B0001CB27 /* List */,
				6B20460A2B8838000001CB27 /* Extensions */,
				6B2045E62B87FCDB0001CB27 /* AppDelegate.swift */,
				6B2045E82B87FCDB0001CB27 /* SceneDelegate.swift */,
				6B2045EC2B87FCDB0001CB27 /* Main.storyboard */,
				6B2045EF2B87FCDD0001CB27 /* Assets.xcassets */,
				6B2045F12B87FCDD0001CB27 /* LaunchScreen.storyboard */,
				6B2045F42B87FCDD0001CB27 /* Info.plist */,
				6B2046062B8837780001CB27 /* Coordinator.swift */,
				6B2046082B8837B50001CB27 /* MainCoordinator.swift */,
				6B2046142B88414A0001CB27 /* BaseNavigationController.swift */,
			);
			path = MoveMedical;
			sourceTree = "<group>";
		};
		6B20460A2B8838000001CB27 /* Extensions */ = {
			isa = PBXGroup;
			children = (
				6B20460B2B8838110001CB27 /* UIViewController+Extensions.swift */,
				6B2046102B883AD30001CB27 /* UIVIew+Extensions.swift */,
				6B2046122B883F1D0001CB27 /* UIColor+Extensions.swift */,
				6B2046222B88554B0001CB27 /* String+Extensions.swift */,
			);
			path = Extensions;
			sourceTree = "<group>";
		};
		6B20460D2B883A3B0001CB27 /* List */ = {
			isa = PBXGroup;
			children = (
				6B2045EA2B87FCDB0001CB27 /* AppointmentsListViewController.swift */,
				6B20460E2B883A590001CB27 /* AppointmentTableViewCell.swift */,
				6B20461B2B8845CA0001CB27 /* AppointmentsListViewModel.swift */,
			);
			path = List;
			sourceTree = "<group>";
		};
		6B2046172B88457E0001CB27 /* Create */ = {
			isa = PBXGroup;
			children = (
				6B2046182B8845950001CB27 /* CreateAppointmentViewController.swift */,
				6B2046202B884E5F0001CB27 /* CreateAppointmentViewModel.swift */,
			);
			path = Create;
			sourceTree = "<group>";
		};
		6B3B97A82B885D8B00E8381E /* Models */ = {
			isa = PBXGroup;
			children = (
				6B3B97A92B885DB000E8381E /* Appointment.swift */,
			);
			path = Models;
			sourceTree = "<group>";
		};
/* End PBXGroup section */

/* Begin PBXNativeTarget section */
		6B2045E22B87FCDB0001CB27 /* MoveMedical */ = {
			isa = PBXNativeTarget;
			buildConfigurationList = 6B2045F72B87FCDD0001CB27 /* Build configuration list for PBXNativeTarget "MoveMedical" */;
			buildPhases = (
				6B2045DF2B87FCDB0001CB27 /* Sources */,
				6B2045E02B87FCDB0001CB27 /* Frameworks */,
				6B2045E12B87FCDB0001CB27 /* Resources */,
			);
			buildRules = (
			);
			dependencies = (
			);
			name = MoveMedical;
			productName = MoveMedical;
			productReference = 6B2045E32B87FCDB0001CB27 /* MoveMedical.app */;
			productType = "com.apple.product-type.application";
		};
/* End PBXNativeTarget section */

/* Begin PBXProject section */
		6B2045DB2B87FCDB0001CB27 /* Project object */ = {
			isa = PBXProject;
			attributes = {
				BuildIndependentTargetsInParallel = 1;
				LastSwiftUpdateCheck = 1500;
				LastUpgradeCheck = 1500;
				TargetAttributes = {
					6B2045E22B87FCDB0001CB27 = {
						CreatedOnToolsVersion = 15.0.1;
					};
				};
			};
			buildConfigurationList = 6B2045DE2B87FCDB0001CB27 /* Build configuration list for PBXProject "MoveMedical" */;
			compatibilityVersion = "Xcode 14.0";
			developmentRegion = en;
			hasScannedForEncodings = 0;
			knownRegions = (
				en,
				Base,
			);
			mainGroup = 6B2045DA2B87FCDB0001CB27;
			productRefGroup = 6B2045E42B87FCDB0001CB27 /* Products */;
			projectDirPath = "";
			projectRoot = "";
			targets = (
				6B2045E22B87FCDB0001CB27 /* MoveMedical */,
			);
		};
/* End PBXProject section */

/* Begin PBXResourcesBuildPhase section */
		6B2045E12B87FCDB0001CB27 /* Resources */ = {
			isa = PBXResourcesBuildPhase;
			buildActionMask = 2147483647;
			files = (
				6B2045F32B87FCDD0001CB27 /* LaunchScreen.storyboard in Resources */,
				6B2045F02B87FCDD0001CB27 /* Assets.xcassets in Resources */,
				6B2045EE2B87FCDB0001CB27 /* Main.storyboard in Resources */,
			);
			runOnlyForDeploymentPostprocessing = 0;
		};
/* End PBXResourcesBuildPhase section */

/* Begin PBXSourcesBuildPhase section */
		6B2045DF2B87FCDB0001CB27 /* Sources */ = {
			isa = PBXSourcesBuildPhase;
			buildActionMask = 2147483647;
			files = (
				6B2046072B8837780001CB27 /* Coordinator.swift in Sources */,
				6B2045EB2B87FCDB0001CB27 /* AppointmentsListViewController.swift in Sources */,
				6B2046212B884E5F0001CB27 /* CreateAppointmentViewModel.swift in Sources */,
				6B20460F2B883A590001CB27 /* AppointmentTableViewCell.swift in Sources */,
				6B2046192B8845950001CB27 /* CreateAppointmentViewController.swift in Sources */,
				6B20461C2B8845CA0001CB27 /* AppointmentsListViewModel.swift in Sources */,
				6B2045E72B87FCDB0001CB27 /* AppDelegate.swift in Sources */,
				6B2046092B8837B50001CB27 /* MainCoordinator.swift in Sources */,
				6B20460C2B8838110001CB27 /* UIViewController+Extensions.swift in Sources */,
				6B2046232B88554B0001CB27 /* String+Extensions.swift in Sources */,
				6B3B97AA2B885DB000E8381E /* Appointment.swift in Sources */,
				6B2046112B883AD30001CB27 /* UIVIew+Extensions.swift in Sources */,
				6B2046132B883F1D0001CB27 /* UIColor+Extensions.swift in Sources */,
				6B2046152B88414A0001CB27 /* BaseNavigationController.swift in Sources */,
				6B2045E92B87FCDB0001CB27 /* SceneDelegate.swift in Sources */,
			);
			runOnlyForDeploymentPostprocessing = 0;
		};
/* End PBXSourcesBuildPhase section */

/* Begin PBXVariantGroup section */
		6B2045EC2B87FCDB0001CB27 /* Main.storyboard */ = {
			isa = PBXVariantGroup;
			children = (
				6B2045ED2B87FCDB0001CB27 /* Base */,
			);
			name = Main.storyboard;
			sourceTree = "<group>";
		};
		6B2045F12B87FCDD0001CB27 /* LaunchScreen.storyboard */ = {
			isa = PBXVariantGroup;
			children = (
				6B2045F22B87FCDD0001CB27 /* Base */,
			);
			name = LaunchScreen.storyboard;
			sourceTree = "<group>";
		};
/* End PBXVariantGroup section */

/* Begin XCBuildConfiguration section */
		6B2045F52B87FCDD0001CB27 /* Debug */ = {
			isa = XCBuildConfiguration;
			buildSettings = {
				ALWAYS_SEARCH_USER_PATHS = NO;
				ASSETCATALOG_COMPILER_GENERATE_SWIFT_ASSET_SYMBOL_EXTENSIONS = YES;
				CLANG_ANALYZER_NONNULL = YES;
				CLANG_ANALYZER_NUMBER_OBJECT_CONVERSION = YES_AGGRESSIVE;
				CLANG_CXX_LANGUAGE_STANDARD = "gnu++20";
				CLANG_ENABLE_MODULES = YES;
				CLANG_ENABLE_OBJC_ARC = YES;
				CLANG_ENABLE_OBJC_WEAK = YES;
				CLANG_WARN_BLOCK_CAPTURE_AUTORELEASING = YES;
				CLANG_WARN_BOOL_CONVERSION = YES;
				CLANG_WARN_COMMA = YES;
				CLANG_WARN_CONSTANT_CONVERSION = YES;
				CLANG_WARN_DEPRECATED_OBJC_IMPLEMENTATIONS = YES;
				CLANG_WARN_DIRECT_OBJC_ISA_USAGE = YES_ERROR;
				CLANG_WARN_DOCUMENTATION_COMMENTS = YES;
				CLANG_WARN_EMPTY_BODY = YES;
				CLANG_WARN_ENUM_CONVERSION = YES;
				CLANG_WARN_INFINITE_RECURSION = YES;
				CLANG_WARN_INT_CONVERSION = YES;
				CLANG_WARN_NON_LITERAL_NULL_CONVERSION = YES;
				CLANG_WARN_OBJC_IMPLICIT_RETAIN_SELF = YES;
				CLANG_WARN_OBJC_LITERAL_CONVERSION = YES;
				CLANG_WARN_OBJC_ROOT_CLASS = YES_ERROR;
				CLANG_WARN_QUOTED_INCLUDE_IN_FRAMEWORK_HEADER = YES;
				CLANG_WARN_RANGE_LOOP_ANALYSIS = YES;
				CLANG_WARN_STRICT_PROTOTYPES = YES;
				CLANG_WARN_SUSPICIOUS_MOVE = YES;
				CLANG_WARN_UNGUARDED_AVAILABILITY = YES_AGGRESSIVE;
				CLANG_WARN_UNREACHABLE_CODE = YES;
				CLANG_WARN__DUPLICATE_METHOD_MATCH = YES;
				COPY_PHASE_STRIP = NO;
				DEBUG_INFORMATION_FORMAT = dwarf;
				ENABLE_STRICT_OBJC_MSGSEND = YES;
				ENABLE_TESTABILITY = YES;
				ENABLE_USER_SCRIPT_SANDBOXING = YES;
				GCC_C_LANGUAGE_STANDARD = gnu17;
				GCC_DYNAMIC_NO_PIC = NO;
				GCC_NO_COMMON_BLOCKS = YES;
				GCC_OPTIMIZATION_LEVEL = 0;
				GCC_PREPROCESSOR_DEFINITIONS = (
					"DEBUG=1",
					"$(inherited)",
				);
				GCC_WARN_64_TO_32_BIT_CONVERSION = YES;
				GCC_WARN_ABOUT_RETURN_TYPE = YES_ERROR;
				GCC_WARN_UNDECLARED_SELECTOR = YES;
				GCC_WARN_UNINITIALIZED_AUTOS = YES_AGGRESSIVE;
				GCC_WARN_UNUSED_FUNCTION = YES;
				GCC_WARN_UNUSED_VARIABLE = YES;
				IPHONEOS_DEPLOYMENT_TARGET = 17.0;
				LOCALIZATION_PREFERS_STRING_CATALOGS = YES;
				MTL_ENABLE_DEBUG_INFO = INCLUDE_SOURCE;
				MTL_FAST_MATH = YES;
				ONLY_ACTIVE_ARCH = YES;
				SDKROOT = iphoneos;
				SWIFT_ACTIVE_COMPILATION_CONDITIONS = "DEBUG $(inherited)";
				SWIFT_OPTIMIZATION_LEVEL = "-Onone";
			};
			name = Debug;
		};
		6B2045F62B87FCDD0001CB27 /* Release */ = {
			isa = XCBuildConfiguration;
			buildSettings = {
				ALWAYS_SEARCH_USER_PATHS = NO;
				ASSETCATALOG_COMPILER_GENERATE_SWIFT_ASSET_SYMBOL_EXTENSIONS = YES;
				CLANG_ANALYZER_NONNULL = YES;
				CLANG_ANALYZER_NUMBER_OBJECT_CONVERSION = YES_AGGRESSIVE;
				CLANG_CXX_LANGUAGE_STANDARD = "gnu++20";
				CLANG_ENABLE_MODULES = YES;
				CLANG_ENABLE_OBJC_ARC = YES;
				CLANG_ENABLE_OBJC_WEAK = YES;
				CLANG_WARN_BLOCK_CAPTURE_AUTORELEASING = YES;
				CLANG_WARN_BOOL_CONVERSION = YES;
				CLANG_WARN_COMMA = YES;
				CLANG_WARN_CONSTANT_CONVERSION = YES;
				CLANG_WARN_DEPRECATED_OBJC_IMPLEMENTATIONS = YES;
				CLANG_WARN_DIRECT_OBJC_ISA_USAGE = YES_ERROR;
				CLANG_WARN_DOCUMENTATION_COMMENTS = YES;
				CLANG_WARN_EMPTY_BODY = YES;
				CLANG_WARN_ENUM_CONVERSION = YES;
				CLANG_WARN_INFINITE_RECURSION = YES;
				CLANG_WARN_INT_CONVERSION = YES;
				CLANG_WARN_NON_LITERAL_NULL_CONVERSION = YES;
				CLANG_WARN_OBJC_IMPLICIT_RETAIN_SELF = YES;
				CLANG_WARN_OBJC_LITERAL_CONVERSION = YES;
				CLANG_WARN_OBJC_ROOT_CLASS = YES_ERROR;
				CLANG_WARN_QUOTED_INCLUDE_IN_FRAMEWORK_HEADER = YES;
				CLANG_WARN_RANGE_LOOP_ANALYSIS = YES;
				CLANG_WARN_STRICT_PROTOTYPES = YES;
				CLANG_WARN_SUSPICIOUS_MOVE = YES;
				CLANG_WARN_UNGUARDED_AVAILABILITY = YES_AGGRESSIVE;
				CLANG_WARN_UNREACHABLE_CODE = YES;
				CLANG_WARN__DUPLICATE_METHOD_MATCH = YES;
				COPY_PHASE_STRIP = NO;
				DEBUG_INFORMATION_FORMAT = "dwarf-with-dsym";
				ENABLE_NS_ASSERTIONS = NO;
				ENABLE_STRICT_OBJC_MSGSEND = YES;
				ENABLE_USER_SCRIPT_SANDBOXING = YES;
				GCC_C_LANGUAGE_STANDARD = gnu17;
				GCC_NO_COMMON_BLOCKS = YES;
				GCC_WARN_64_TO_32_BIT_CONVERSION = YES;
				GCC_WARN_ABOUT_RETURN_TYPE = YES_ERROR;
				GCC_WARN_UNDECLARED_SELECTOR = YES;
				GCC_WARN_UNINITIALIZED_AUTOS = YES_AGGRESSIVE;
				GCC_WARN_UNUSED_FUNCTION = YES;
				GCC_WARN_UNUSED_VARIABLE = YES;
				IPHONEOS_DEPLOYMENT_TARGET = 17.0;
				LOCALIZATION_PREFERS_STRING_CATALOGS = YES;
				MTL_ENABLE_DEBUG_INFO = NO;
				MTL_FAST_MATH = YES;
				SDKROOT = iphoneos;
				SWIFT_COMPILATION_MODE = wholemodule;
				VALIDATE_PRODUCT = YES;
			};
			name = Release;
		};
		6B2045F82B87FCDD0001CB27 /* Debug */ = {
			isa = XCBuildConfiguration;
			buildSettings = {
				ASSETCATALOG_COMPILER_APPICON_NAME = AppIcon;
				ASSETCATALOG_COMPILER_GLOBAL_ACCENT_COLOR_NAME = AccentColor;
				CODE_SIGN_STYLE = Automatic;
				CURRENT_PROJECT_VERSION = 1;
				DEVELOPMENT_TEAM = R9K68WP8ET;
				GENERATE_INFOPLIST_FILE = YES;
				INFOPLIST_FILE = MoveMedical/Info.plist;
				INFOPLIST_KEY_UIApplicationSupportsIndirectInputEvents = YES;
				INFOPLIST_KEY_UILaunchStoryboardName = LaunchScreen;
				INFOPLIST_KEY_UIMainStoryboardFile = Main;
				INFOPLIST_KEY_UISupportedInterfaceOrientations_iPad = "UIInterfaceOrientationPortrait UIInterfaceOrientationPortraitUpsideDown UIInterfaceOrientationLandscapeLeft UIInterfaceOrientationLandscapeRight";
				INFOPLIST_KEY_UISupportedInterfaceOrientations_iPhone = "UIInterfaceOrientationPortrait UIInterfaceOrientationLandscapeLeft UIInterfaceOrientationLandscapeRight";
				LD_RUNPATH_SEARCH_PATHS = (
					"$(inherited)",
					"@executable_path/Frameworks",
				);
				MARKETING_VERSION = 1.0;
				PRODUCT_BUNDLE_IDENTIFIER = marinrados.movemedicalproject;
				PRODUCT_NAME = "$(TARGET_NAME)";
				SWIFT_EMIT_LOC_STRINGS = YES;
				SWIFT_VERSION = 5.0;
				TARGETED_DEVICE_FAMILY = "1,2";
			};
			name = Debug;
		};
		6B2045F92B87FCDD0001CB27 /* Release */ = {
			isa = XCBuildConfiguration;
			buildSettings = {
				ASSETCATALOG_COMPILER_APPICON_NAME = AppIcon;
				ASSETCATALOG_COMPILER_GLOBAL_ACCENT_COLOR_NAME = AccentColor;
				CODE_SIGN_STYLE = Automatic;
				CURRENT_PROJECT_VERSION = 1;
				DEVELOPMENT_TEAM = R9K68WP8ET;
				GENERATE_INFOPLIST_FILE = YES;
				INFOPLIST_FILE = MoveMedical/Info.plist;
				INFOPLIST_KEY_UIApplicationSupportsIndirectInputEvents = YES;
				INFOPLIST_KEY_UILaunchStoryboardName = LaunchScreen;
				INFOPLIST_KEY_UIMainStoryboardFile = Main;
				INFOPLIST_KEY_UISupportedInterfaceOrientations_iPad = "UIInterfaceOrientationPortrait UIInterfaceOrientationPortraitUpsideDown UIInterfaceOrientationLandscapeLeft UIInterfaceOrientationLandscapeRight";
				INFOPLIST_KEY_UISupportedInterfaceOrientations_iPhone = "UIInterfaceOrientationPortrait UIInterfaceOrientationLandscapeLeft UIInterfaceOrientationLandscapeRight";
				LD_RUNPATH_SEARCH_PATHS = (
					"$(inherited)",
					"@executable_path/Frameworks",
				);
				MARKETING_VERSION = 1.0;
				PRODUCT_BUNDLE_IDENTIFIER = marinrados.movemedicalproject;
				PRODUCT_NAME = "$(TARGET_NAME)";
				SWIFT_EMIT_LOC_STRINGS = YES;
				SWIFT_VERSION = 5.0;
				TARGETED_DEVICE_FAMILY = "1,2";
			};
			name = Release;
		};
/* End XCBuildConfiguration section */

/* Begin XCConfigurationList section */
		6B2045DE2B87FCDB0001CB27 /* Build configuration list for PBXProject "MoveMedical" */ = {
			isa = XCConfigurationList;
			buildConfigurations = (
				6B2045F52B87FCDD0001CB27 /* Debug */,
				6B2045F62B87FCDD0001CB27 /* Release */,
			);
			defaultConfigurationIsVisible = 0;
			defaultConfigurationName = Release;
		};
		6B2045F72B87FCDD0001CB27 /* Build configuration list for PBXNativeTarget "MoveMedical" */ = {
			isa = XCConfigurationList;
			buildConfigurations = (
				6B2045F82B87FCDD0001CB27 /* Debug */,
				6B2045F92B87FCDD0001CB27 /* Release */,
			);
			defaultConfigurationIsVisible = 0;
			defaultConfigurationName = Release;
		};
/* End XCConfigurationList section */
	};
	rootObject = 6B2045DB2B87FCDB0001CB27 /* Project object */;
}
